
Microsoft Visual Studio Solution File, Format Version 12.00
# Visual Studio 2015
Project("{FAE04EC0-301F-11D3-BF4B-00C04F79EFBC}") = "2D_Test_Project.CSharp", "2D_Test_Project.CSharp.csproj", "{CDAA55AE-C4BE-77D2-A083-661F5CA7AAB7}"
EndProject
Global
	GlobalSection(SolutionConfigurationPlatforms) = preSolution
		Debug|Any CPU = Debug|Any CPU
		Release|Any CPU = Release|Any CPU
	EndGlobalSection
	GlobalSection(ProjectConfigurationPlatforms) = postSolution
		{CDAA55AE-C4BE-77D2-A083-661F5CA7AAB7}.Debug|Any CPU.ActiveCfg = Debug|Any CPU
		{CDAA55AE-C4BE-77D2-A083-661F5CA7AAB7}.Debug|Any CPU.Build.0 = Debug|Any CPU
		{CDAA55AE-C4BE-77D2-A083-661F5CA7AAB7}.Release|Any CPU.ActiveCfg = Release|Any CPU
		{CDAA55AE-C4BE-77D2-A083-661F5CA7AAB7}.Release|Any CPU.Build.0 = Release|Any CPU
	EndGlobalSection
	GlobalSection(SolutionProperties) = preSolution
		HideSolutionNode = FALSE
	EndGlobalSection
EndGlobal
